
Microsoft Visual Studio Solution File, Format Version 12.00
# Visual Studio Version 17
VisualStudioVersion = 17.13.35828.75 d17.13
MinimumVisualStudioVersion = 10.0.40219.1
Project("{FAE04EC0-301F-11D3-BF4B-00C04F79EFBC}") = "MultiTenant.Api", "MultiTenant.Api\MultiTenant.Api.csproj", "{EF886802-4CF2-4823-BE8D-A71481E4FDA8}"
EndProject
Global
	GlobalSection(SolutionConfigurationPlatforms) = preSolution
		Debug|Any CPU = Debug|Any CPU
		Release|Any CPU = Release|Any CPU
	EndGlobalSection
	GlobalSection(ProjectConfigurationPlatforms) = postSolution
		{EF886802-4CF2-4823-BE8D-A71481E4FDA8}.Debug|Any CPU.ActiveCfg = Debug|Any CPU
		{EF886802-4CF2-4823-BE8D-A71481E4FDA8}.Debug|Any CPU.Build.0 = Debug|Any CPU
		{EF886802-4CF2-4823-BE8D-A71481E4FDA8}.Release|Any CPU.ActiveCfg = Release|Any CPU
		{EF886802-4CF2-4823-BE8D-A71481E4FDA8}.Release|Any CPU.Build.0 = Release|Any CPU
	EndGlobalSection
	GlobalSection(SolutionProperties) = preSolution
		HideSolutionNode = FALSE
	EndGlobalSection
	GlobalSection(ExtensibilityGlobals) = postSolution
		SolutionGuid = {FE6E9697-C6B5-44AC-B04F-07B988C1B9E2}
	EndGlobalSection
EndGlobal
